
Microsoft Visual Studio Solution File, Format Version 12.00
# Visual Studio Version 17
VisualStudioVersion = 17.1.32407.343
MinimumVisualStudioVersion = 10.0.40219.1
Project("{FAE04EC0-301F-11D3-BF4B-00C04F79EFBC}") = "XamarinFormsLifeCycleIssue.UWP", "XamarinFormsLifeCycleIssue\XamarinFormsLifeCycleIssue.UWP\XamarinFormsLifeCycleIssue.UWP.csproj", "{999EAEC9-4135-487B-9993-E2B251EADC01}"
EndProject
Project("{FAE04EC0-301F-11D3-BF4B-00C04F79EFBC}") = "XamarinFormsLifeCycleIssue.Android", "XamarinFormsLifeCycleIssue\XamarinFormsLifeCycleIssue.Android\XamarinFormsLifeCycleIssue.Android.csproj", "{DE4D58BB-BE1A-434E-AE43-6588B7C50AB9}"
EndProject
Project("{FAE04EC0-301F-11D3-BF4B-00C04F79EFBC}") = "XamarinFormsLifeCycleIssue.iOS", "XamarinFormsLifeCycleIssue\XamarinFormsLifeCycleIssue.iOS\XamarinFormsLifeCycleIssue.iOS.csproj", "{F983E876-B37B-474F-AADF-299C33F63965}"
EndProject
Project("{FAE04EC0-301F-11D3-BF4B-00C04F79EFBC}") = "XamarinFormsLifeCycleIssue", "XamarinFormsLifeCycleIssue\XamarinFormsLifeCycleIssue\XamarinFormsLifeCycleIssue.csproj", "{59148013-CA21-4F18-AC78-1EFBFD0D97AF}"
EndProject
Global
	GlobalSection(SolutionConfigurationPlatforms) = preSolution
		Debug|Any CPU = Debug|Any CPU
		Debug|ARM = Debug|ARM
		Debug|iPhone = Debug|iPhone
		Debug|iPhoneSimulator = Debug|iPhoneSimulator
		Debug|x64 = Debug|x64
		Debug|x86 = Debug|x86
		Release|Any CPU = Release|Any CPU
		Release|ARM = Release|ARM
		Release|iPhone = Release|iPhone
		Release|iPhoneSimulator = Release|iPhoneSimulator
		Release|x64 = Release|x64
		Release|x86 = Release|x86
	EndGlobalSection
	GlobalSection(ProjectConfigurationPlatforms) = postSolution
		{999EAEC9-4135-487B-9993-E2B251EADC01}.Debug|Any CPU.ActiveCfg = Debug|x64
		{999EAEC9-4135-487B-9993-E2B251EADC01}.Debug|Any CPU.Build.0 = Debug|x64
		{999EAEC9-4135-487B-9993-E2B251EADC01}.Debug|Any CPU.Deploy.0 = Debug|x64
		{999EAEC9-4135-487B-9993-E2B251EADC01}.Debug|ARM.ActiveCfg = Debug|ARM
		{999EAEC9-4135-487B-9993-E2B251EADC01}.Debug|ARM.Build.0 = Debug|ARM
		{999EAEC9-4135-487B-9993-E2B251EADC01}.Debug|ARM.Deploy.0 = Debug|ARM
		{999EAEC9-4135-487B-9993-E2B251EADC01}.Debug|iPhone.ActiveCfg = Debug|x64
		{999EAEC9-4135-487B-9993-E2B251EADC01}.Debug|iPhone.Build.0 = Debug|x64
		{999EAEC9-4135-487B-9993-E2B251EADC01}.Debug|iPhone.Deploy.0 = Debug|x64
		{999EAEC9-4135-487B-9993-E2B251EADC01}.Debug|iPhoneSimulator.ActiveCfg = Debug|x64
		{999EAEC9-4135-487B-9993-E2B251EADC01}.Debug|iPhoneSimulator.Build.0 = Debug|x64
		{999EAEC9-4135-487B-9993-E2B251EADC01}.Debug|iPhoneSimulator.Deploy.0 = Debug|x64
		{999EAEC9-4135-487B-9993-E2B251EADC01}.Debug|x64.ActiveCfg = Debug|x64
		{999EAEC9-4135-487B-9993-E2B251EADC01}.Debug|x64.Build.0 = Debug|x64
		{999EAEC9-4135-487B-9993-E2B251EADC01}.Debug|x64.Deploy.0 = Debug|x64
		{999EAEC9-4135-487B-9993-E2B251EADC01}.Debug|x86.ActiveCfg = Debug|x86
		{999EAEC9-4135-487B-9993-E2B251EADC01}.Debug|x86.Build.0 = Debug|x86
		{999EAEC9-4135-487B-9993-E2B251EADC01}.Debug|x86.Deploy.0 = Debug|x86
		{999EAEC9-4135-487B-9993-E2B251EADC01}.Release|Any CPU.ActiveCfg = Release|x64
		{999EAEC9-4135-487B-9993-E2B251EADC01}.Release|Any CPU.Build.0 = Release|x64
		{999EAEC9-4135-487B-9993-E2B251EADC01}.Release|Any CPU.Deploy.0 = Release|x64
		{999EAEC9-4135-487B-9993-E2B251EADC01}.Release|ARM.ActiveCfg = Release|ARM
		{999EAEC9-4135-487B-9993-E2B251EADC01}.Release|ARM.Build.0 = Release|ARM
		{999EAEC9-4135-487B-9993-E2B251EADC01}.Release|ARM.Deploy.0 = Release|ARM
		{999EAEC9-4135-487B-9993-E2B251EADC01}.Release|iPhone.ActiveCfg = Release|x64
		{999EAEC9-4135-487B-9993-E2B251EADC01}.Release|iPhone.Build.0 = Release|x64
		{999EAEC9-4135-487B-9993-E2B251EADC01}.Release|iPhone.Deploy.0 = Release|x64
		{999EAEC9-4135-487B-9993-E2B251EADC01}.Release|iPhoneSimulator.ActiveCfg = Release|x64
		{999EAEC9-4135-487B-9993-E2B251EADC01}.Release|iPhoneSimulator.Build.0 = Release|x64
		{999EAEC9-4135-487B-9993-E2B251EADC01}.Release|iPhoneSimulator.Deploy.0 = Release|x64
		{999EAEC9-4135-487B-9993-E2B251EADC01}.Release|x64.ActiveCfg = Release|x64
		{999EAEC9-4135-487B-9993-E2B251EADC01}.Release|x64.Build.0 = Release|x64
		{999EAEC9-4135-487B-9993-E2B251EADC01}.Release|x64.Deploy.0 = Release|x64
		{999EAEC9-4135-487B-9993-E2B251EADC01}.Release|x86.ActiveCfg = Release|x86
		{999EAEC9-4135-487B-9993-E2B251EADC01}.Release|x86.Build.0 = Release|x86
		{999EAEC9-4135-487B-9993-E2B251EADC01}.Release|x86.Deploy.0 = Release|x86
		{DE4D58BB-BE1A-434E-AE43-6588B7C50AB9}.Debug|Any CPU.ActiveCfg = Debug|Any CPU
		{DE4D58BB-BE1A-434E-AE43-6588B7C50AB9}.Debug|Any CPU.Build.0 = Debug|Any CPU
		{DE4D58BB-BE1A-434E-AE43-6588B7C50AB9}.Debug|Any CPU.Deploy.0 = Debug|Any CPU
		{DE4D58BB-BE1A-434E-AE43-6588B7C50AB9}.Debug|ARM.ActiveCfg = Debug|Any CPU
		{DE4D58BB-BE1A-434E-AE43-6588B7C50AB9}.Debug|ARM.Build.0 = Debug|Any CPU
		{DE4D58BB-BE1A-434E-AE43-6588B7C50AB9}.Debug|ARM.Deploy.0 = Debug|Any CPU
		{DE4D58BB-BE1A-434E-AE43-6588B7C50AB9}.Debug|iPhone.ActiveCfg = Debug|Any CPU
		{DE4D58BB-BE1A-434E-AE43-6588B7C50AB9}.Debug|iPhone.Build.0 = Debug|Any CPU
		{DE4D58BB-BE1A-434E-AE43-6588B7C50AB9}.Debug|iPhone.Deploy.0 = Debug|Any CPU
		{DE4D58BB-BE1A-434E-AE43-6588B7C50AB9}.Debug|iPhoneSimulator.ActiveCfg = Debug|Any CPU
		{DE4D58BB-BE1A-434E-AE43-6588B7C50AB9}.Debug|iPhoneSimulator.Build.0 = Debug|Any CPU
		{DE4D58BB-BE1A-434E-AE43-6588B7C50AB9}.Debug|iPhoneSimulator.Deploy.0 = Debug|Any CPU
		{DE4D58BB-BE1A-434E-AE43-6588B7C50AB9}.Debug|x64.ActiveCfg = Debug|Any CPU
		{DE4D58BB-BE1A-434E-AE43-6588B7C50AB9}.Debug|x64.Build.0 = Debug|Any CPU
		{DE4D58BB-BE1A-434E-AE43-6588B7C50AB9}.Debug|x64.Deploy.0 = Debug|Any CPU
		{DE4D58BB-BE1A-434E-AE43-6588B7C50AB9}.Debug|x86.ActiveCfg = Debug|Any CPU
		{DE4D58BB-BE1A-434E-AE43-6588B7C50AB9}.Debug|x86.Build.0 = Debug|Any CPU
		{DE4D58BB-BE1A-434E-AE43-6588B7C50AB9}.Debug|x86.Deploy.0 = Debug|Any CPU
		{DE4D58BB-BE1A-434E-AE43-6588B7C50AB9}.Release|Any CPU.ActiveCfg = Release|Any CPU
		{DE4D58BB-BE1A-434E-AE43-6588B7C50AB9}.Release|Any CPU.Build.0 = Release|Any CPU
		{DE4D58BB-BE1A-434E-AE43-6588B7C50AB9}.Release|Any CPU.Deploy.0 = Release|Any CPU
		{DE4D58BB-BE1A-434E-AE43-6588B7C50AB9}.Release|ARM.ActiveCfg = Release|Any CPU
		{DE4D58BB-BE1A-434E-AE43-6588B7C50AB9}.Release|ARM.Build.0 = Release|Any CPU
		{DE4D58BB-BE1A-434E-AE43-6588B7C50AB9}.Release|ARM.Deploy.0 = Release|Any CPU
		{DE4D58BB-BE1A-434E-AE43-6588B7C50AB9}.Release|iPhone.ActiveCfg = Release|Any CPU
		{DE4D58BB-BE1A-434E-AE43-6588B7C50AB9}.Release|iPhone.Build.0 = Release|Any CPU
		{DE4D58BB-BE1A-434E-AE43-6588B7C50AB9}.Release|iPhone.Deploy.0 = Release|Any CPU
		{DE4D58BB-BE1A-434E-AE43-6588B7C50AB9}.Release|iPhoneSimulator.ActiveCfg = Release|Any CPU
		{DE4D58BB-BE1A-434E-AE43-6588B7C50AB9}.Release|iPhoneSimulator.Build.0 = Release|Any CPU
		{DE4D58BB-BE1A-434E-AE43-6588B7C50AB9}.Release|iPhoneSimulator.Deploy.0 = Release|Any CPU
		{DE4D58BB-BE1A-434E-AE43-6588B7C50AB9}.Release|x64.ActiveCfg = Release|Any CPU
		{DE4D58BB-BE1A-434E-AE43-6588B7C50AB9}.Release|x64.Build.0 = Release|Any CPU
		{DE4D58BB-BE1A-434E-AE43-6588B7C50AB9}.Release|x64.Deploy.0 = Release|Any CPU
		{DE4D58BB-BE1A-434E-AE43-6588B7C50AB9}.Release|x86.ActiveCfg = Release|Any CPU
		{DE4D58BB-BE1A-434E-AE43-6588B7C50AB9}.Release|x86.Build.0 = Release|Any CPU
		{DE4D58BB-BE1A-434E-AE43-6588B7C50AB9}.Release|x86.Deploy.0 = Release|Any CPU
		{F983E876-B37B-474F-AADF-299C33F63965}.Debug|Any CPU.ActiveCfg = Debug|iPhoneSimulator
		{F983E876-B37B-474F-AADF-299C33F63965}.Debug|Any CPU.Build.0 = Debug|iPhoneSimulator
		{F983E876-B37B-474F-AADF-299C33F63965}.Debug|Any CPU.Deploy.0 = Debug|iPhoneSimulator
		{F983E876-B37B-474F-AADF-299C33F63965}.Debug|ARM.ActiveCfg = Debug|iPhoneSimulator
		{F983E876-B37B-474F-AADF-299C33F63965}.Debug|ARM.Build.0 = Debug|iPhoneSimulator
		{F983E876-B37B-474F-AADF-299C33F63965}.Debug|ARM.Deploy.0 = Debug|iPhoneSimulator
		{F983E876-B37B-474F-AADF-299C33F63965}.Debug|iPhone.ActiveCfg = Debug|iPhone
		{F983E876-B37B-474F-AADF-299C33F63965}.Debug|iPhone.Build.0 = Debug|iPhone
		{F983E876-B37B-474F-AADF-299C33F63965}.Debug|iPhone.Deploy.0 = Debug|iPhone
		{F983E876-B37B-474F-AADF-299C33F63965}.Debug|iPhoneSimulator.ActiveCfg = Debug|iPhoneSimulator
		{F983E876-B37B-474F-AADF-299C33F63965}.Debug|iPhoneSimulator.Build.0 = Debug|iPhoneSimulator
		{F983E876-B37B-474F-AADF-299C33F63965}.Debug|iPhoneSimulator.Deploy.0 = Debug|iPhoneSimulator
		{F983E876-B37B-474F-AADF-299C33F63965}.Debug|x64.ActiveCfg = Debug|iPhone
		{F983E876-B37B-474F-AADF-299C33F63965}.Debug|x64.Build.0 = Debug|iPhone
		{F983E876-B37B-474F-AADF-299C33F63965}.Debug|x64.Deploy.0 = Debug|iPhone
		{F983E876-B37B-474F-AADF-299C33F63965}.Debug|x86.ActiveCfg = Debug|iPhoneSimulator
		{F983E876-B37B-474F-AADF-299C33F63965}.Debug|x86.Build.0 = Debug|iPhoneSimulator
		{F983E876-B37B-474F-AADF-299C33F63965}.Debug|x86.Deploy.0 = Debug|iPhoneSimulator
		{F983E876-B37B-474F-AADF-299C33F63965}.Release|Any CPU.ActiveCfg = Release|iPhoneSimulator
		{F983E876-B37B-474F-AADF-299C33F63965}.Release|Any CPU.Build.0 = Release|iPhoneSimulator
		{F983E876-B37B-474F-AADF-299C33F63965}.Release|Any CPU.Deploy.0 = Release|iPhoneSimulator
		{F983E876-B37B-474F-AADF-299C33F63965}.Release|ARM.ActiveCfg = Release|iPhoneSimulator
		{F983E876-B37B-474F-AADF-299C33F63965}.Release|ARM.Build.0 = Release|iPhoneSimulator
		{F983E876-B37B-474F-AADF-299C33F63965}.Release|ARM.Deploy.0 = Release|iPhoneSimulator
		{F983E876-B37B-474F-AADF-299C33F63965}.Release|iPhone.ActiveCfg = Release|iPhone
		{F983E876-B37B-474F-AADF-299C33F63965}.Release|iPhone.Build.0 = Release|iPhone
		{F983E876-B37B-474F-AADF-299C33F63965}.Release|iPhone.Deploy.0 = Release|iPhone
		{F983E876-B37B-474F-AADF-299C33F63965}.Release|iPhoneSimulator.ActiveCfg = Release|iPhoneSimulator
		{F983E876-B37B-474F-AADF-299C33F63965}.Release|iPhoneSimulator.Build.0 = Release|iPhoneSimulator
		{F983E876-B37B-474F-AADF-299C33F63965}.Release|iPhoneSimulator.Deploy.0 = Release|iPhoneSimulator
		{F983E876-B37B-474F-AADF-299C33F63965}.Release|x64.ActiveCfg = Release|iPhoneSimulator
		{F983E876-B37B-474F-AADF-299C33F63965}.Release|x64.Build.0 = Release|iPhoneSimulator
		{F983E876-B37B-474F-AADF-299C33F63965}.Release|x64.Deploy.0 = Release|iPhoneSimulator
		{F983E876-B37B-474F-AADF-299C33F63965}.Release|x86.ActiveCfg = Release|iPhoneSimulator
		{F983E876-B37B-474F-AADF-299C33F63965}.Release|x86.Build.0 = Release|iPhoneSimulator
		{F983E876-B37B-474F-AADF-299C33F63965}.Release|x86.Deploy.0 = Release|iPhoneSimulator
		{59148013-CA21-4F18-AC78-1EFBFD0D97AF}.Debug|Any CPU.ActiveCfg = Debug|Any CPU
		{59148013-CA21-4F18-AC78-1EFBFD0D97AF}.Debug|Any CPU.Build.0 = Debug|Any CPU
		{59148013-CA21-4F18-AC78-1EFBFD0D97AF}.Debug|Any CPU.Deploy.0 = Debug|Any CPU
		{59148013-CA21-4F18-AC78-1EFBFD0D97AF}.Debug|ARM.ActiveCfg = Debug|Any CPU
		{59148013-CA21-4F18-AC78-1EFBFD0D97AF}.Debug|ARM.Build.0 = Debug|Any CPU
		{59148013-CA21-4F18-AC78-1EFBFD0D97AF}.Debug|ARM.Deploy.0 = Debug|Any CPU
		{59148013-CA21-4F18-AC78-1EFBFD0D97AF}.Debug|iPhone.ActiveCfg = Debug|Any CPU
		{59148013-CA21-4F18-AC78-1EFBFD0D97AF}.Debug|iPhone.Build.0 = Debug|Any CPU
		{59148013-CA21-4F18-AC78-1EFBFD0D97AF}.Debug|iPhone.Deploy.0 = Debug|Any CPU
		{59148013-CA21-4F18-AC78-1EFBFD0D97AF}.Debug|iPhoneSimulator.ActiveCfg = Debug|Any CPU
		{59148013-CA21-4F18-AC78-1EFBFD0D97AF}.Debug|iPhoneSimulator.Build.0 = Debug|Any CPU
		{59148013-CA21-4F18-AC78-1EFBFD0D97AF}.Debug|iPhoneSimulator.Deploy.0 = Debug|Any CPU
		{59148013-CA21-4F18-AC78-1EFBFD0D97AF}.Debug|x64.ActiveCfg = Debug|Any CPU
		{59148013-CA21-4F18-AC78-1EFBFD0D97AF}.Debug|x64.Build.0 = Debug|Any CPU
		{59148013-CA21-4F18-AC78-1EFBFD0D97AF}.Debug|x64.Deploy.0 = Debug|Any CPU
		{59148013-CA21-4F18-AC78-1EFBFD0D97AF}.Debug|x86.ActiveCfg = Debug|Any CPU
		{59148013-CA21-4F18-AC78-1EFBFD0D97AF}.Debug|x86.Build.0 = Debug|Any CPU
		{59148013-CA21-4F18-AC78-1EFBFD0D97AF}.Debug|x86.Deploy.0 = Debug|Any CPU
		{59148013-CA21-4F18-AC78-1EFBFD0D97AF}.Release|Any CPU.ActiveCfg = Release|Any CPU
		{59148013-CA21-4F18-AC78-1EFBFD0D97AF}.Release|Any CPU.Build.0 = Release|Any CPU
		{59148013-CA21-4F18-AC78-1EFBFD0D97AF}.Release|Any CPU.Deploy.0 = Release|Any CPU
		{59148013-CA21-4F18-AC78-1EFBFD0D97AF}.Release|ARM.ActiveCfg = Release|Any CPU
		{59148013-CA21-4F18-AC78-1EFBFD0D97AF}.Release|ARM.Build.0 = Release|Any CPU
		{59148013-CA21-4F18-AC78-1EFBFD0D97AF}.Release|ARM.Deploy.0 = Release|Any CPU
		{59148013-CA21-4F18-AC78-1EFBFD0D97AF}.Release|iPhone.ActiveCfg = Release|Any CPU
		{59148013-CA21-4F18-AC78-1EFBFD0D97AF}.Release|iPhone.Build.0 = Release|Any CPU
		{59148013-CA21-4F18-AC78-1EFBFD0D97AF}.Release|iPhone.Deploy.0 = Release|Any CPU
		{59148013-CA21-4F18-AC78-1EFBFD0D97AF}.Release|iPhoneSimulator.ActiveCfg = Release|Any CPU
		{59148013-CA21-4F18-AC78-1EFBFD0D97AF}.Release|iPhoneSimulator.Build.0 = Release|Any CPU
		{59148013-CA21-4F18-AC78-1EFBFD0D97AF}.Release|iPhoneSimulator.Deploy.0 = Release|Any CPU
		{59148013-CA21-4F18-AC78-1EFBFD0D97AF}.Release|x64.ActiveCfg = Release|Any CPU
		{59148013-CA21-4F18-AC78-1EFBFD0D97AF}.Release|x64.Build.0 = Release|Any CPU
		{59148013-CA21-4F18-AC78-1EFBFD0D97AF}.Release|x64.Deploy.0 = Release|Any CPU
		{59148013-CA21-4F18-AC78-1EFBFD0D97AF}.Release|x86.ActiveCfg = Release|Any CPU
		{59148013-CA21-4F18-AC78-1EFBFD0D97AF}.Release|x86.Build.0 = Release|Any CPU
		{59148013-CA21-4F18-AC78-1EFBFD0D97AF}.Release|x86.Deploy.0 = Release|Any CPU
	EndGlobalSection
	GlobalSection(SolutionProperties) = preSolution
		HideSolutionNode = FALSE
	EndGlobalSection
	GlobalSection(ExtensibilityGlobals) = postSolution
		SolutionGuid = {85C665CE-C2E8-43D3-B914-03992FA4B75A}
	EndGlobalSection
EndGlobal
